
Microsoft Visual Studio Solution File, Format Version 12.00
# Visual Studio Version 17
VisualStudioVersion = 17.3.32901.215
MinimumVisualStudioVersion = 10.0.40219.1
Project("{FAE04EC0-301F-11D3-BF4B-00C04F79EFBC}") = "Test", "Test\Test.csproj", "{CC21B6AF-3D83-4964-9B32-AE0BCA4A8BF0}"
EndProject
Project("{9A19103F-16F7-4668-BE54-9A1E7A4F7556}") = "TestFunc", "TestFunc\TestFunc.csproj", "{8025B860-A7B2-45BC-BDDD-090C503AD4E7}"
EndProject
Project("{FAE04EC0-301F-11D3-BF4B-00C04F79EFBC}") = "TestUnit", "TestUnit\TestUnit.csproj", "{D20DDFC6-EEAB-45B4-90E0-EF52E91A7B70}"
EndProject
Global
	GlobalSection(SolutionConfigurationPlatforms) = preSolution
		Debug|Any CPU = Debug|Any CPU
		Release|Any CPU = Release|Any CPU
	EndGlobalSection
	GlobalSection(ProjectConfigurationPlatforms) = postSolution
		{CC21B6AF-3D83-4964-9B32-AE0BCA4A8BF0}.Debug|Any CPU.ActiveCfg = Debug|Any CPU
		{CC21B6AF-3D83-4964-9B32-AE0BCA4A8BF0}.Debug|Any CPU.Build.0 = Debug|Any CPU
		{CC21B6AF-3D83-4964-9B32-AE0BCA4A8BF0}.Release|Any CPU.ActiveCfg = Release|Any CPU
		{CC21B6AF-3D83-4964-9B32-AE0BCA4A8BF0}.Release|Any CPU.Build.0 = Release|Any CPU
		{8025B860-A7B2-45BC-BDDD-090C503AD4E7}.Debug|Any CPU.ActiveCfg = Debug|Any CPU
		{8025B860-A7B2-45BC-BDDD-090C503AD4E7}.Debug|Any CPU.Build.0 = Debug|Any CPU
		{8025B860-A7B2-45BC-BDDD-090C503AD4E7}.Release|Any CPU.ActiveCfg = Release|Any CPU
		{8025B860-A7B2-45BC-BDDD-090C503AD4E7}.Release|Any CPU.Build.0 = Release|Any CPU
		{D20DDFC6-EEAB-45B4-90E0-EF52E91A7B70}.Debug|Any CPU.ActiveCfg = Debug|Any CPU
		{D20DDFC6-EEAB-45B4-90E0-EF52E91A7B70}.Debug|Any CPU.Build.0 = Debug|Any CPU
		{D20DDFC6-EEAB-45B4-90E0-EF52E91A7B70}.Release|Any CPU.ActiveCfg = Release|Any CPU
		{D20DDFC6-EEAB-45B4-90E0-EF52E91A7B70}.Release|Any CPU.Build.0 = Release|Any CPU
	EndGlobalSection
	GlobalSection(SolutionProperties) = preSolution
		HideSolutionNode = FALSE
	EndGlobalSection
	GlobalSection(ExtensibilityGlobals) = postSolution
		SolutionGuid = {37FEDECD-4EC6-4D62-9629-6C218FAA0AF6}
	EndGlobalSection
EndGlobal
